
Microsoft Visual Studio Solution File, Format Version 12.00
# Visual Studio Version 17
VisualStudioVersion = 17.11.35327.3
MinimumVisualStudioVersion = 10.0.40219.1
Project("{9A19103F-16F7-4668-BE54-9A1E7A4F7556}") = "DriveHub", "DriveHub\DriveHub.csproj", "{58123A56-E7E0-4B46-B9A3-8D0319434F1E}"
EndProject
Project("{9A19103F-16F7-4668-BE54-9A1E7A4F7556}") = "DriveHubModel", "DriveHubModel\DriveHubModel.csproj", "{9E08015D-E896-4221-B36A-EE3B879D2931}"
EndProject
Project("{9A19103F-16F7-4668-BE54-9A1E7A4F7556}") = "DriveHubTests", "DriveHubTests\DriveHubTests.csproj", "{F0443D1F-D41C-4BA5-9408-6B1CE5DD0AFD}"
EndProject
Project("{9A19103F-16F7-4668-BE54-9A1E7A4F7556}") = "Admin", "Admin\Admin.csproj", "{C9FB96BC-8728-4A0B-9799-955AE5F30F83}"
	ProjectSection(ProjectDependencies) = postProject
		{9E08015D-E896-4221-B36A-EE3B879D2931} = {9E08015D-E896-4221-B36A-EE3B879D2931}
	EndProjectSection
EndProject
Project("{9A19103F-16F7-4668-BE54-9A1E7A4F7556}") = "SeedProducts", "SeedProducts\SeedProducts.csproj", "{1FAB35F8-62C8-4F00-BE70-16A45BBD221D}"
EndProject
Global
	GlobalSection(SolutionConfigurationPlatforms) = preSolution
		Debug|Any CPU = Debug|Any CPU
		Release|Any CPU = Release|Any CPU
	EndGlobalSection
	GlobalSection(ProjectConfigurationPlatforms) = postSolution
		{58123A56-E7E0-4B46-B9A3-8D0319434F1E}.Debug|Any CPU.ActiveCfg = Debug|Any CPU
		{58123A56-E7E0-4B46-B9A3-8D0319434F1E}.Debug|Any CPU.Build.0 = Debug|Any CPU
		{58123A56-E7E0-4B46-B9A3-8D0319434F1E}.Release|Any CPU.ActiveCfg = Release|Any CPU
		{58123A56-E7E0-4B46-B9A3-8D0319434F1E}.Release|Any CPU.Build.0 = Release|Any CPU
		{9E08015D-E896-4221-B36A-EE3B879D2931}.Debug|Any CPU.ActiveCfg = Debug|Any CPU
		{9E08015D-E896-4221-B36A-EE3B879D2931}.Debug|Any CPU.Build.0 = Debug|Any CPU
		{9E08015D-E896-4221-B36A-EE3B879D2931}.Release|Any CPU.ActiveCfg = Release|Any CPU
		{9E08015D-E896-4221-B36A-EE3B879D2931}.Release|Any CPU.Build.0 = Release|Any CPU
		{F0443D1F-D41C-4BA5-9408-6B1CE5DD0AFD}.Debug|Any CPU.ActiveCfg = Debug|Any CPU
		{F0443D1F-D41C-4BA5-9408-6B1CE5DD0AFD}.Debug|Any CPU.Build.0 = Debug|Any CPU
		{F0443D1F-D41C-4BA5-9408-6B1CE5DD0AFD}.Release|Any CPU.ActiveCfg = Release|Any CPU
		{F0443D1F-D41C-4BA5-9408-6B1CE5DD0AFD}.Release|Any CPU.Build.0 = Release|Any CPU
		{C9FB96BC-8728-4A0B-9799-955AE5F30F83}.Debug|Any CPU.ActiveCfg = Debug|Any CPU
		{C9FB96BC-8728-4A0B-9799-955AE5F30F83}.Debug|Any CPU.Build.0 = Debug|Any CPU
		{C9FB96BC-8728-4A0B-9799-955AE5F30F83}.Release|Any CPU.ActiveCfg = Release|Any CPU
		{C9FB96BC-8728-4A0B-9799-955AE5F30F83}.Release|Any CPU.Build.0 = Release|Any CPU
		{1FAB35F8-62C8-4F00-BE70-16A45BBD221D}.Debug|Any CPU.ActiveCfg = Debug|Any CPU
		{1FAB35F8-62C8-4F00-BE70-16A45BBD221D}.Debug|Any CPU.Build.0 = Debug|Any CPU
		{1FAB35F8-62C8-4F00-BE70-16A45BBD221D}.Release|Any CPU.ActiveCfg = Release|Any CPU
		{1FAB35F8-62C8-4F00-BE70-16A45BBD221D}.Release|Any CPU.Build.0 = Release|Any CPU
	EndGlobalSection
	GlobalSection(SolutionProperties) = preSolution
		HideSolutionNode = FALSE
	EndGlobalSection
	GlobalSection(ExtensibilityGlobals) = postSolution
		SolutionGuid = {488E7D40-906C-46CA-8F05-8B1B534D6A4D}
	EndGlobalSection
EndGlobal
