
Microsoft Visual Studio Solution File, Format Version 12.00
# Visual Studio Version 17
VisualStudioVersion = 17.11.35219.272
MinimumVisualStudioVersion = 10.0.40219.1
Project("{9A19103F-16F7-4668-BE54-9A1E7A4F7556}") = "DriveHub", "DriveHub\DriveHub.csproj", "{FE6FD3EB-2978-4012-8C87-2A307B92829B}"
EndProject
Project("{9A19103F-16F7-4668-BE54-9A1E7A4F7556}") = "Admin", "Admin\Admin.csproj", "{C135B0D1-9748-40FC-9FD1-EBB7DDC0BD95}"
EndProject
Project("{9A19103F-16F7-4668-BE54-9A1E7A4F7556}") = "DriveHubModel", "DriveHubModel\DriveHubModel.csproj", "{657117D3-98B6-4B4B-8025-9B295BAA420C}"
EndProject
Project("{FAE04EC0-301F-11D3-BF4B-00C04F79EFBC}") = "DriveHubTests", "DriveHubTests\DriveHubTests.csproj", "{5FBD4BD3-D85F-4E3A-BD37-7527F2A7E88A}"
EndProject
Project("{2150E333-8FDC-42A3-9474-1A3956D46DE8}") = "Solution Items", "Solution Items", "{28838741-DD3A-4E5F-8A9D-4EB66ACC2742}"
	ProjectSection(SolutionItems) = preProject
		.editorconfig = .editorconfig
	EndProjectSection
EndProject
Global
	GlobalSection(SolutionConfigurationPlatforms) = preSolution
		Debug|Any CPU = Debug|Any CPU
		Release|Any CPU = Release|Any CPU
	EndGlobalSection
	GlobalSection(ProjectConfigurationPlatforms) = postSolution
		{FE6FD3EB-2978-4012-8C87-2A307B92829B}.Debug|Any CPU.ActiveCfg = Debug|Any CPU
		{FE6FD3EB-2978-4012-8C87-2A307B92829B}.Debug|Any CPU.Build.0 = Debug|Any CPU
		{FE6FD3EB-2978-4012-8C87-2A307B92829B}.Release|Any CPU.ActiveCfg = Release|Any CPU
		{FE6FD3EB-2978-4012-8C87-2A307B92829B}.Release|Any CPU.Build.0 = Release|Any CPU
		{C135B0D1-9748-40FC-9FD1-EBB7DDC0BD95}.Debug|Any CPU.ActiveCfg = Debug|Any CPU
		{C135B0D1-9748-40FC-9FD1-EBB7DDC0BD95}.Debug|Any CPU.Build.0 = Debug|Any CPU
		{C135B0D1-9748-40FC-9FD1-EBB7DDC0BD95}.Release|Any CPU.ActiveCfg = Release|Any CPU
		{C135B0D1-9748-40FC-9FD1-EBB7DDC0BD95}.Release|Any CPU.Build.0 = Release|Any CPU
		{657117D3-98B6-4B4B-8025-9B295BAA420C}.Debug|Any CPU.ActiveCfg = Debug|Any CPU
		{657117D3-98B6-4B4B-8025-9B295BAA420C}.Debug|Any CPU.Build.0 = Debug|Any CPU
		{657117D3-98B6-4B4B-8025-9B295BAA420C}.Release|Any CPU.ActiveCfg = Release|Any CPU
		{657117D3-98B6-4B4B-8025-9B295BAA420C}.Release|Any CPU.Build.0 = Release|Any CPU
		{5FBD4BD3-D85F-4E3A-BD37-7527F2A7E88A}.Debug|Any CPU.ActiveCfg = Debug|Any CPU
		{5FBD4BD3-D85F-4E3A-BD37-7527F2A7E88A}.Debug|Any CPU.Build.0 = Debug|Any CPU
		{5FBD4BD3-D85F-4E3A-BD37-7527F2A7E88A}.Release|Any CPU.ActiveCfg = Release|Any CPU
		{5FBD4BD3-D85F-4E3A-BD37-7527F2A7E88A}.Release|Any CPU.Build.0 = Release|Any CPU
	EndGlobalSection
	GlobalSection(SolutionProperties) = preSolution
		HideSolutionNode = FALSE
	EndGlobalSection
	GlobalSection(ExtensibilityGlobals) = postSolution
		SolutionGuid = {97D617E2-E3ED-418B-98CA-FA3A80D0753D}
	EndGlobalSection
EndGlobal
